Microsoft Visual Studio Solution File, Format Version 8.00
Project("{8BC9CEB8-8B4A-11D0-8D11-00A0C91BC942}") = "dcmviewer", "dcmviewer.vcproj", "{BB29EFD5-1921-422D-9405-E0625926428C}"
	ProjectSection(ProjectDependencies) = postProject
	EndProjectSection
EndProject
Global
	GlobalSection(DPCodeReviewSolutionGUID) = preSolution
		DPCodeReviewSolutionGUID = {00000000-0000-0000-0000-000000000000}
	EndGlobalSection
	GlobalSection(SolutionConfiguration) = preSolution
		Debug = Debug
		Release = Release
	EndGlobalSection
	GlobalSection(ProjectConfiguration) = postSolution
		{BB29EFD5-1921-422D-9405-E0625926428C}.Debug.ActiveCfg = Debug|Win32
		{BB29EFD5-1921-422D-9405-E0625926428C}.Debug.Build.0 = Debug|Win32
		{BB29EFD5-1921-422D-9405-E0625926428C}.Release.ActiveCfg = Release|Win32
		{BB29EFD5-1921-422D-9405-E0625926428C}.Release.Build.0 = Release|Win32
	EndGlobalSection
	GlobalSection(ExtensibilityGlobals) = postSolution
	EndGlobalSection
	GlobalSection(ExtensibilityAddIns) = postSolution
	EndGlobalSection
EndGlobal
